
Microsoft Visual Studio Solution File, Format Version 12.00
# Visual Studio Version 16
VisualStudioVersion = 16.0.28516.95
MinimumVisualStudioVersion = 10.0.40219.1
Project("{9A19103F-16F7-4668-BE54-9A1E7A4F7556}") = "BlubbsWayOfLife", "BlubbsWayOfLife.csproj", "{5D94DCF5-C888-479B-BC87-1124346D42A3}"
EndProject
Global
	GlobalSection(SolutionConfigurationPlatforms) = preSolution
		Debug|Any CPU = Debug|Any CPU
		Release|Any CPU = Release|Any CPU
	EndGlobalSection
	GlobalSection(ProjectConfigurationPlatforms) = postSolution
		{5D94DCF5-C888-479B-BC87-1124346D42A3}.Debug|Any CPU.ActiveCfg = Debug|Any CPU
		{5D94DCF5-C888-479B-BC87-1124346D42A3}.Debug|Any CPU.Build.0 = Debug|Any CPU
		{5D94DCF5-C888-479B-BC87-1124346D42A3}.Release|Any CPU.ActiveCfg = Release|Any CPU
		{5D94DCF5-C888-479B-BC87-1124346D42A3}.Release|Any CPU.Build.0 = Release|Any CPU
	EndGlobalSection
	GlobalSection(SolutionProperties) = preSolution
		HideSolutionNode = FALSE
	EndGlobalSection
	GlobalSection(ExtensibilityGlobals) = postSolution
		SolutionGuid = {BC341658-D7DD-4C02-9596-93814B4181D4}
	EndGlobalSection
EndGlobal
